PODS:
  - Flutter (1.0.0)
  - flutter_native_splash (0.0.1):
    - Flutter
  - geolocator_apple (1.2.0):
    - Flutter
  - isar_flutter_libs (1.0.0):
    - Flutter
  - MapLibre (5.14.0-pre3)
  - maplibre_gl (0.0.1):
    - Flutter
    - MapLibre (= 5.14.0-pre3)
  - path_provider_foundation (0.0.1):
    - Flutter
    - FlutterMacOS
  - permission_handler_apple (9.3.0):
    - Flutter

DEPENDENCIES:
  - Flutter (from `Flutter`)
  - flutter_native_splash (from `.symlinks/plugins/flutter_native_splash/ios`)
  - geolocator_apple (from `.symlinks/plugins/geolocator_apple/ios`)
  - isar_flutter_libs (from `.symlinks/plugins/isar_flutter_libs/ios`)
  - maplibre_gl (from `.symlinks/plugins/maplibre_gl/ios`)
  - path_provider_foundation (from `.symlinks/plugins/path_provider_foundation/darwin`)
  - permission_handler_apple (from `.symlinks/plugins/permission_handler_apple/ios`)

SPEC REPOS:
  trunk:
    - MapLibre

EXTERNAL SOURCES:
  Flutter:
    :path: Flutter
  flutter_native_splash:
    :path: ".symlinks/plugins/flutter_native_splash/ios"
  geolocator_apple:
    :path: ".symlinks/plugins/geolocator_apple/ios"
  isar_flutter_libs:
    :path: ".symlinks/plugins/isar_flutter_libs/ios"
  maplibre_gl:
    :path: ".symlinks/plugins/maplibre_gl/ios"
  path_provider_foundation:
    :path: ".symlinks/plugins/path_provider_foundation/darwin"
  permission_handler_apple:
    :path: ".symlinks/plugins/permission_handler_apple/ios"

SPEC CHECKSUMS:
  Flutter: e0871f40cf51350855a761d2e70bf5af5b9b5de7
  flutter_native_splash: edf599c81f74d093a4daf8e17bd7a018854bc778
  geolocator_apple: 6cbaf322953988e009e5ecb481f07efece75c450
  isar_flutter_libs: b69f437aeab9c521821c3f376198c4371fa21073
  MapLibre: 620fc933c1d6029b33738c905c1490d024e5d4ef
  maplibre_gl: a2efec727dd340e4c65e26d2b03b584f14881fd9
  path_provider_foundation: 3784922295ac71e43754bd15e0653ccfd36a147c
  permission_handler_apple: 9878588469a2b0d0fc1e048d9f43605f92e6cec2

PODFILE CHECKSUM: ff61390808c815bd0b46a1b2db38b6145170ba5b

COCOAPODS: 1.15.2
